
Microsoft Visual Studio Solution File, Format Version 12.00
# Visual Studio 15
VisualStudioVersion = 15.0.27703.2042
MinimumVisualStudioVersion = 10.0.40219.1
Project("{FAE04EC0-301F-11D3-BF4B-00C04F79EFBC}") = "CreateScriptDatabase", "CreateScriptDatabase\CreateScriptDatabase.csproj", "{59F26FD4-0E68-47BC-9B38-6FDAB396D1F0}"
EndProject
Global
	GlobalSection(SolutionConfigurationPlatforms) = preSolution
		Debug|Any CPU = Debug|Any CPU
		Release|Any CPU = Release|Any CPU
	EndGlobalSection
	GlobalSection(ProjectConfigurationPlatforms) = postSolution
		{59F26FD4-0E68-47BC-9B38-6FDAB396D1F0}.Debug|Any CPU.ActiveCfg = Debug|Any CPU
		{59F26FD4-0E68-47BC-9B38-6FDAB396D1F0}.Debug|Any CPU.Build.0 = Debug|Any CPU
		{59F26FD4-0E68-47BC-9B38-6FDAB396D1F0}.Release|Any CPU.ActiveCfg = Release|Any CPU
		{59F26FD4-0E68-47BC-9B38-6FDAB396D1F0}.Release|Any CPU.Build.0 = Release|Any CPU
	EndGlobalSection
	GlobalSection(SolutionProperties) = preSolution
		HideSolutionNode = FALSE
	EndGlobalSection
	GlobalSection(ExtensibilityGlobals) = postSolution
		SolutionGuid = {EF2A587A-FFBF-449D-B6FB-2122A6E83061}
	EndGlobalSection
EndGlobal
